{
  "name": "stupidduck",
  "version": "1.0.0",
  "lockfileVersion": 1,
  "requires": true,
  "dependencies": {
    "namorvtech": {
      "version": "2.0.2",
      "resolved": "https://registry.npmjs.org/namorvtech/-/namorvtech-2.0.2.tgz",
      "integrity": "sha512-MTuSo6W3x+mVx7Y/CYZ1pRzT3D7HM4bv017Ysy9HgFuZjm1Xmjmp6W8HFidET2tR7slAMwDpWIe2mxPYugkMkA==",
      "dev": true
    },
    "typescript": {
      "version": "3.3.3",
      "resolved": "https://registry.npmjs.org/typescript/-/typescript-3.3.3.tgz",
      "integrity": "sha512-Y21Xqe54TBVp+VDSNbuDYdGw0BpoR/Q6wo/+35M8PAU0vipahnyduJWirxxdxjsAkS7hue53x2zp8gz7F05u0A==",
      "dev": true
    }
  }
}
